
Microsoft Visual Studio Solution File, Format Version 12.00
# Visual Studio 14
VisualStudioVersion = 14.0.25420.1
MinimumVisualStudioVersion = 10.0.40219.1
Project("{FAE04EC0-301F-11D3-BF4B-00C04F79EFBC}") = "CheckIn.Web", "CheckIn.Web\CheckIn.Web.csproj", "{2111D398-B029-4AF6-9A3B-AC25B47E2BEA}"
EndProject
Project("{FAE04EC0-301F-11D3-BF4B-00C04F79EFBC}") = "CheckIn.Data", "CheckIn.Data\CheckIn.Data.csproj", "{A4A8A44E-CB66-4C67-8C0F-A33E71D7E854}"
EndProject
Global
	GlobalSection(SolutionConfigurationPlatforms) = preSolution
		Debug|Any CPU = Debug|Any CPU
		Release|Any CPU = Release|Any CPU
	EndGlobalSection
	GlobalSection(ProjectConfigurationPlatforms) = postSolution
		{2111D398-B029-4AF6-9A3B-AC25B47E2BEA}.Debug|Any CPU.ActiveCfg = Debug|Any CPU
		{2111D398-B029-4AF6-9A3B-AC25B47E2BEA}.Debug|Any CPU.Build.0 = Debug|Any CPU
		{2111D398-B029-4AF6-9A3B-AC25B47E2BEA}.Release|Any CPU.ActiveCfg = Release|Any CPU
		{2111D398-B029-4AF6-9A3B-AC25B47E2BEA}.Release|Any CPU.Build.0 = Release|Any CPU
		{A4A8A44E-CB66-4C67-8C0F-A33E71D7E854}.Debug|Any CPU.ActiveCfg = Debug|Any CPU
		{A4A8A44E-CB66-4C67-8C0F-A33E71D7E854}.Debug|Any CPU.Build.0 = Debug|Any CPU
		{A4A8A44E-CB66-4C67-8C0F-A33E71D7E854}.Release|Any CPU.ActiveCfg = Release|Any CPU
		{A4A8A44E-CB66-4C67-8C0F-A33E71D7E854}.Release|Any CPU.Build.0 = Release|Any CPU
	EndGlobalSection
	GlobalSection(SolutionProperties) = preSolution
		HideSolutionNode = FALSE
	EndGlobalSection
EndGlobal
